github.com/klauspost/cpuid/v2 v2.0.6 h1:dQ5ueTiftKxp0gyjKSx5+8BtPWkyQbd95m8Gys/RarI=
github.com/klauspost/cpuid/v2 v2.0.6/go.mod h1:FInQzS24/EEf25PyTYn52gqo7WaD8xa0213Md/qVLRg=
github.com/klauspost/cpuid/v2 v2.1.2 h1:XhdX4fqAJUA0yj+kUwMavO0hHrSPAecYdYf1ZmxHvak=
github.com/klauspost/cpuid/v2 v2.1.2/go.mod h1:RVVoqg1df56z8g3pUjL/3lE5UfnlrJX8tyFgg4nqhuY=
golang.org/x/sys v0.0.0-20220704084225-05e143d24a9e/go.mod h1:oPkhp1MJrh7nUepCBck5+mAzfO9JrbApNNgaTdGDITg=
golang.org/x/sys v0.0.0-20221010170243-090e33056c14 h1:k5II8e6QD8mITdi+okbbmR/cIyEbeXLBhy5Ha4nevyc=
golang.org/x/sys v0.0.0-20221010170243-090e33056c14/go.mod h1:oPkhp1MJrh7nUepCBck5+mAzfO9JrbApNNgaTdGDITg=
